
Microsoft Visual Studio Solution File, Format Version 12.00
# Visual Studio Version 17
VisualStudioVersion = 17.9.34902.65
MinimumVisualStudioVersion = 10.0.40219.1
Project("{FAE04EC0-301F-11D3-BF4B-00C04F79EFBC}") = "ConsoleAppReplacePasswordWithCarriageReturn", "ConsoleAppReplacePasswordWithCarriageReturn\ConsoleAppReplacePasswordWithCarriageReturn.csproj", "{CF2AD15F-DAD9-47CB-9695-F13BC7794CFB}"
EndProject
Project("{FAE04EC0-301F-11D3-BF4B-00C04F79EFBC}") = "UnitTestProjectApplication", "UnitTestProjectApplication\UnitTestProjectApplication.csproj", "{2DE6F596-2A31-4B77-88D6-255494926D12}"
EndProject
Project("{FAE04EC0-301F-11D3-BF4B-00C04F79EFBC}") = "HelperLibrary", "HelperLibrary\HelperLibrary.csproj", "{2AEF6189-2F15-4DE7-B6DA-0ED3C1462161}"
EndProject
Global
	GlobalSection(SolutionConfigurationPlatforms) = preSolution
		Debug|Any CPU = Debug|Any CPU
		Release|Any CPU = Release|Any CPU
	EndGlobalSection
	GlobalSection(ProjectConfigurationPlatforms) = postSolution
		{CF2AD15F-DAD9-47CB-9695-F13BC7794CFB}.Debug|Any CPU.ActiveCfg = Debug|Any CPU
		{CF2AD15F-DAD9-47CB-9695-F13BC7794CFB}.Debug|Any CPU.Build.0 = Debug|Any CPU
		{CF2AD15F-DAD9-47CB-9695-F13BC7794CFB}.Release|Any CPU.ActiveCfg = Release|Any CPU
		{CF2AD15F-DAD9-47CB-9695-F13BC7794CFB}.Release|Any CPU.Build.0 = Release|Any CPU
		{2DE6F596-2A31-4B77-88D6-255494926D12}.Debug|Any CPU.ActiveCfg = Debug|Any CPU
		{2DE6F596-2A31-4B77-88D6-255494926D12}.Debug|Any CPU.Build.0 = Debug|Any CPU
		{2DE6F596-2A31-4B77-88D6-255494926D12}.Release|Any CPU.ActiveCfg = Release|Any CPU
		{2DE6F596-2A31-4B77-88D6-255494926D12}.Release|Any CPU.Build.0 = Release|Any CPU
		{2AEF6189-2F15-4DE7-B6DA-0ED3C1462161}.Debug|Any CPU.ActiveCfg = Debug|Any CPU
		{2AEF6189-2F15-4DE7-B6DA-0ED3C1462161}.Debug|Any CPU.Build.0 = Debug|Any CPU
		{2AEF6189-2F15-4DE7-B6DA-0ED3C1462161}.Release|Any CPU.ActiveCfg = Release|Any CPU
		{2AEF6189-2F15-4DE7-B6DA-0ED3C1462161}.Release|Any CPU.Build.0 = Release|Any CPU
	EndGlobalSection
	GlobalSection(SolutionProperties) = preSolution
		HideSolutionNode = FALSE
	EndGlobalSection
	GlobalSection(ExtensibilityGlobals) = postSolution
		SolutionGuid = {1A875048-00C6-4358-84BC-A735C7395A05}
	EndGlobalSection
EndGlobal
